
Microsoft Visual Studio Solution File, Format Version 12.00
Project("{FAE04EC0-301F-11D3-BF4B-00C04F79EFBC}") = "DmitriNesteruk", "DmitriNesteruk\DmitriNesteruk.csproj", "{650984E6-7B98-401E-A9ED-89E477E1AFF3}"
EndProject
Global
	GlobalSection(SolutionConfigurationPlatforms) = preSolution
		Debug|Any CPU = Debug|Any CPU
		Release|Any CPU = Release|Any CPU
	EndGlobalSection
	GlobalSection(ProjectConfigurationPlatforms) = postSolution
		{650984E6-7B98-401E-A9ED-89E477E1AFF3}.Debug|Any CPU.ActiveCfg = Debug|Any CPU
		{650984E6-7B98-401E-A9ED-89E477E1AFF3}.Debug|Any CPU.Build.0 = Debug|Any CPU
		{650984E6-7B98-401E-A9ED-89E477E1AFF3}.Release|Any CPU.ActiveCfg = Release|Any CPU
		{650984E6-7B98-401E-A9ED-89E477E1AFF3}.Release|Any CPU.Build.0 = Release|Any CPU
	EndGlobalSection
EndGlobal
